// !$*UTF8*$!
{
	archiveVersion = 1;
	classes = {
	};
	objectVersion = 50;
	objects = {

/* Begin PBXBuildFile section */
		2CDBD51925042352001F623F /* AppDelegate.swift in Sources */ = {isa = PBXBuildFile; fileRef = 2CDBD51825042352001F623F /* AppDelegate.swift */; };
		2CDBD51B25042352001F623F /* SceneDelegate.swift in Sources */ = {isa = PBXBuildFile; fileRef = 2CDBD51A25042352001F623F /* SceneDelegate.swift */; };
		2CDBD51D25042352001F623F /* ViewController.swift in Sources */ = {isa = PBXBuildFile; fileRef = 2CDBD51C25042352001F623F /* ViewController.swift */; };
		2CDBD52025042352001F623F /* Main.storyboard in Resources */ = {isa = PBXBuildFile; fileRef = 2CDBD51E25042352001F623F /* Main.storyboard */; };
		2CDBD52225042353001F623F /* Assets.xcassets in Resources */ = {isa = PBXBuildFile; fileRef = 2CDBD52125042353001F623F /* Assets.xcassets */; };
		2CDBD52525042353001F623F /* LaunchScreen.storyboard in Resources */ = {isa = PBXBuildFile; fileRef = 2CDBD52325042353001F623F /* LaunchScreen.storyboard */; };
		2CDBD532250423ED001F623F /* hana.png in Resources */ = {isa = PBXBuildFile; fileRef = 2CDBD52D250423ED001F623F /* hana.png */; };
		2CDBD533250423ED001F623F /* onpu.png in Resources */ = {isa = PBXBuildFile; fileRef = 2CDBD52E250423ED001F623F /* onpu.png */; };
		2CDBD534250423ED001F623F /* hoshi.png in Resources */ = {isa = PBXBuildFile; fileRef = 2CDBD52F250423ED001F623F /* hoshi.png */; };
		2CDBD535250423ED001F623F /* background.png in Resources */ = {isa = PBXBuildFile; fileRef = 2CDBD530250423ED001F623F /* background.png */; };
		2CDBD536250423ED001F623F /* shitumon.png in Resources */ = {isa = PBXBuildFile; fileRef = 2CDBD531250423ED001F623F /* shitumon.png */; };
/* End PBXBuildFile section */

/* Begin PBXFileReference section */
		2CDBD51525042352001F623F /* Stamp.app */ = {isa = PBXFileReference; explicitFileType = wrapper.application; includeInIndex = 0; path = Stamp.app; sourceTree = BUILT_PRODUCTS_DIR; };
		2CDBD51825042352001F623F /* AppDelegate.swift */ = {isa = PBXFileReference; lastKnownFileType = sourcecode.swift; path = AppDelegate.swift; sourceTree = "<group>"; };
		2CDBD51A25042352001F623F /* SceneDelegate.swift */ = {isa = PBXFileReference; lastKnownFileType = sourcecode.swift; path = SceneDelegate.swift; sourceTree = "<group>"; };
		2CDBD51C25042352001F623F /* ViewController.swift */ = {isa = PBXFileReference; lastKnownFileType = sourcecode.swift; path = ViewController.swift; sourceTree = "<group>"; };
		2CDBD51F25042352001F623F /* Base */ = {isa = PBXFileReference; lastKnownFileType = file.storyboard; name = Base; path = Base.lproj/Main.storyboard; sourceTree = "<group>"; };
		2CDBD52125042353001F623F /* Assets.xcassets */ = {isa = PBXFileReference; lastKnownFileType = folder.assetcatalog; path = Assets.xcassets; sourceTree = "<group>"; };
		2CDBD52425042353001F623F /* Base */ = {isa = PBXFileReference; lastKnownFileType = file.storyboard; name = Base; path = Base.lproj/LaunchScreen.storyboard; sourceTree = "<group>"; };
		2CDBD52625042353001F623F /* Info.plist */ = {isa = PBXFileReference; lastKnownFileType = text.plist.xml; path = Info.plist; sourceTree = "<group>"; };
		2CDBD52D250423ED001F623F /* hana.png */ = {isa = PBXFileReference; lastKnownFileType = image.png; path = hana.png; sourceTree = "<group>"; };
		2CDBD52E250423ED001F623F /* onpu.png */ = {isa = PBXFileReference; lastKnownFileType = image.png; path = onpu.png; sourceTree = "<group>"; };
		2CDBD52F250423ED001F623F /* hoshi.png */ = {isa = PBXFileReference; lastKnownFileType = image.png; path = hoshi.png; sourceTree = "<group>"; };
		2CDBD530250423ED001F623F /* background.png */ = {isa = PBXFileReference; lastKnownFileType = image.png; path = background.png; sourceTree = "<group>"; };
		2CDBD531250423ED001F623F /* shitumon.png */ = {isa = PBXFileReference; lastKnownFileType = image.png; path = shitumon.png; sourceTree = "<group>"; };
/* End PBXFileReference section */

/* Begin PBXFrameworksBuildPhase section */
		2CDBD51225042352001F623F /* Frameworks */ = {
			isa = PBXFrameworksBuildPhase;
			buildActionMask = 2147483647;
			files = (
			);
			runOnlyForDeploymentPostprocessing = 0;
		};
/* End PBXFrameworksBuildPhase section */

/* Begin PBXGroup section */
		2CDBD50C25042352001F623F = {
			isa = PBXGroup;
			children = (
				2CDBD51725042352001F623F /* Stamp */,
				2CDBD51625042352001F623F /* Products */,
			);
			sourceTree = "<group>";
		};
		2CDBD51625042352001F623F /* Products */ = {
			isa = PBXGroup;
			children = (
				2CDBD51525042352001F623F /* Stamp.app */,
			);
			name = Products;
			sourceTree = "<group>";
		};
		2CDBD51725042352001F623F /* Stamp */ = {
			isa = PBXGroup;
			children = (
				2CDBD52C250423ED001F623F /* Stamp素材 */,
				2CDBD51825042352001F623F /* AppDelegate.swift */,
				2CDBD51A25042352001F623F /* SceneDelegate.swift */,
				2CDBD51C25042352001F623F /* ViewController.swift */,
				2CDBD51E25042352001F623F /* Main.storyboard */,
				2CDBD52125042353001F623F /* Assets.xcassets */,
				2CDBD52325042353001F623F /* LaunchScreen.storyboard */,
				2CDBD52625042353001F623F /* Info.plist */,
			);
			path = Stamp;
			sourceTree = "<group>";
		};
		2CDBD52C250423ED001F623F /* Stamp素材 */ = {
			isa = PBXGroup;
			children = (
				2CDBD52D250423ED001F623F /* hana.png */,
				2CDBD52E250423ED001F623F /* onpu.png */,
				2CDBD52F250423ED001F623F /* hoshi.png */,
				2CDBD530250423ED001F623F /* background.png */,
				2CDBD531250423ED001F623F /* shitumon.png */,
			);
			path = "Stamp素材";
			sourceTree = "<group>";
		};
/* End PBXGroup section */

/* Begin PBXNativeTarget section */
		2CDBD51425042352001F623F /* Stamp */ = {
			isa = PBXNativeTarget;
			buildConfigurationList = 2CDBD52925042353001F623F /* Build configuration list for PBXNativeTarget "Stamp" */;
			buildPhases = (
				2CDBD51125042352001F623F /* Sources */,
				2CDBD51225042352001F623F /* Frameworks */,
				2CDBD51325042352001F623F /* Resources */,
			);
			buildRules = (
			);
			dependencies = (
			);
			name = Stamp;
			productName = Stamp;
			productReference = 2CDBD51525042352001F623F /* Stamp.app */;
			productType = "com.apple.product-type.application";
		};
/* End PBXNativeTarget section */

/* Begin PBXProject section */
		2CDBD50D25042352001F623F /* Project object */ = {
			isa = PBXProject;
			attributes = {
				LastSwiftUpdateCheck = 1170;
				LastUpgradeCheck = 1170;
				ORGANIZATIONNAME = "Mizuki Morohoshi";
				TargetAttributes = {
					2CDBD51425042352001F623F = {
						CreatedOnToolsVersion = 11.7;
					};
				};
			};
			buildConfigurationList = 2CDBD51025042352001F623F /* Build configuration list for PBXProject "Stamp" */;
			compatibilityVersion = "Xcode 9.3";
			developmentRegion = en;
			hasScannedForEncodings = 0;
			knownRegions = (
				en,
				Base,
			);
			mainGroup = 2CDBD50C25042352001F623F;
			productRefGroup = 2CDBD51625042352001F623F /* Products */;
			projectDirPath = "";
			projectRoot = "";
			targets = (
				2CDBD51425042352001F623F /* Stamp */,
			);
		};
/* End PBXProject section */

/* Begin PBXResourcesBuildPhase section */
		2CDBD51325042352001F623F /* Resources */ = {
			isa = PBXResourcesBuildPhase;
			buildActionMask = 2147483647;
			files = (
				2CDBD52525042353001F623F /* LaunchScreen.storyboard in Resources */,
				2CDBD534250423ED001F623F /* hoshi.png in Resources */,
				2CDBD535250423ED001F623F /* background.png in Resources */,
				2CDBD533250423ED001F623F /* onpu.png in Resources */,
				2CDBD52225042353001F623F /* Assets.xcassets in Resources */,
				2CDBD52025042352001F623F /* Main.storyboard in Resources */,
				2CDBD536250423ED001F623F /* shitumon.png in Resources */,
				2CDBD532250423ED001F623F /* hana.png in Resources */,
			);
			runOnlyForDeploymentPostprocessing = 0;
		};
/* End PBXResourcesBuildPhase section */

/* Begin PBXSourcesBuildPhase section */
		2CDBD51125042352001F623F /* Sources */ = {
			isa = PBXSourcesBuildPhase;
			buildActionMask = 2147483647;
			files = (
				2CDBD51D25042352001F623F /* ViewController.swift in Sources */,
				2CDBD51925042352001F623F /* AppDelegate.swift in Sources */,
				2CDBD51B25042352001F623F /* SceneDelegate.swift in Sources */,
			);
			runOnlyForDeploymentPostprocessing = 0;
		};
/* End PBXSourcesBuildPhase section */

/* Begin PBXVariantGroup section */
		2CDBD51E25042352001F623F /* Main.storyboard */ = {
			isa = PBXVariantGroup;
			children = (
				2CDBD51F25042352001F623F /* Base */,
			);
			name = Main.storyboard;
			sourceTree = "<group>";
		};
		2CDBD52325042353001F623F /* LaunchScreen.storyboard */ = {
			isa = PBXVariantGroup;
			children = (
				2CDBD52425042353001F623F /* Base */,
			);
			name = LaunchScreen.storyboard;
			sourceTree = "<group>";
		};
/* End PBXVariantGroup section */

/* Begin XCBuildConfiguration section */
		2CDBD52725042353001F623F /* Debug */ = {
			isa = XCBuildConfiguration;
			buildSettings = {
				ALWAYS_SEARCH_USER_PATHS = NO;
				CLANG_ANALYZER_NONNULL = YES;
				CLANG_ANALYZER_NUMBER_OBJECT_CONVERSION = YES_AGGRESSIVE;
				CLANG_CXX_LANGUAGE_STANDARD = "gnu++14";
				CLANG_CXX_LIBRARY = "libc++";
				CLANG_ENABLE_MODULES = YES;
				CLANG_ENABLE_OBJC_ARC = YES;
				CLANG_ENABLE_OBJC_WEAK = YES;
				CLANG_WARN_BLOCK_CAPTURE_AUTORELEASING = YES;
				CLANG_WARN_BOOL_CONVERSION = YES;
				CLANG_WARN_COMMA = YES;
				CLANG_WARN_CONSTANT_CONVERSION = YES;
				CLANG_WARN_DEPRECATED_OBJC_IMPLEMENTATIONS = YES;
				CLANG_WARN_DIRECT_OBJC_ISA_USAGE = YES_ERROR;
				CLANG_WARN_DOCUMENTATION_COMMENTS = YES;
				CLANG_WARN_EMPTY_BODY = YES;
				CLANG_WARN_ENUM_CONVERSION = YES;
				CLANG_WARN_INFINITE_RECURSION = YES;
				CLANG_WARN_INT_CONVERSION = YES;
				CLANG_WARN_NON_LITERAL_NULL_CONVERSION = YES;
				CLANG_WARN_OBJC_IMPLICIT_RETAIN_SELF = YES;
				CLANG_WARN_OBJC_LITERAL_CONVERSION = YES;
				CLANG_WARN_OBJC_ROOT_CLASS = YES_ERROR;
				CLANG_WARN_RANGE_LOOP_ANALYSIS = YES;
				CLANG_WARN_STRICT_PROTOTYPES = YES;
				CLANG_WARN_SUSPICIOUS_MOVE = YES;
				CLANG_WARN_UNGUARDED_AVAILABILITY = YES_AGGRESSIVE;
				CLANG_WARN_UNREACHABLE_CODE = YES;
				CLANG_WARN__DUPLICATE_METHOD_MATCH = YES;
				COPY_PHASE_STRIP = NO;
				DEBUG_INFORMATION_FORMAT = dwarf;
				ENABLE_STRICT_OBJC_MSGSEND = YES;
				ENABLE_TESTABILITY = YES;
				GCC_C_LANGUAGE_STANDARD = gnu11;
				GCC_DYNAMIC_NO_PIC = NO;
				GCC_NO_COMMON_BLOCKS = YES;
				GCC_OPTIMIZATION_LEVEL = 0;
				GCC_PREPROCESSOR_DEFINITIONS = (
					"DEBUG=1",
					"$(inherited)",
				);
				GCC_WARN_64_TO_32_BIT_CONVERSION = YES;
				GCC_WARN_ABOUT_RETURN_TYPE = YES_ERROR;
				GCC_WARN_UNDECLARED_SELECTOR = YES;
				GCC_WARN_UNINITIALIZED_AUTOS = YES_AGGRESSIVE;
				GCC_WARN_UNUSED_FUNCTION = YES;
				GCC_WARN_UNUSED_VARIABLE = YES;
				IPHONEOS_DEPLOYMENT_TARGET = 13.7;
				MTL_ENABLE_DEBUG_INFO = INCLUDE_SOURCE;
				MTL_FAST_MATH = YES;
				ONLY_ACTIVE_ARCH = YES;
				SDKROOT = iphoneos;
				SWIFT_ACTIVE_COMPILATION_CONDITIONS = DEBUG;
				SWIFT_OPTIMIZATION_LEVEL = "-Onone";
			};
			name = Debug;
		};
		2CDBD52825042353001F623F /* Release */ = {
			isa = XCBuildConfiguration;
			buildSettings = {
				ALWAYS_SEARCH_USER_PATHS = NO;
				CLANG_ANALYZER_NONNULL = YES;
				CLANG_ANALYZER_NUMBER_OBJECT_CONVERSION = YES_AGGRESSIVE;
				CLANG_CXX_LANGUAGE_STANDARD = "gnu++14";
				CLANG_CXX_LIBRARY = "libc++";
				CLANG_ENABLE_MODULES = YES;
				CLANG_ENABLE_OBJC_ARC = YES;
				CLANG_ENABLE_OBJC_WEAK = YES;
				CLANG_WARN_BLOCK_CAPTURE_AUTORELEASING = YES;
				CLANG_WARN_BOOL_CONVERSION = YES;
				CLANG_WARN_COMMA = YES;
				CLANG_WARN_CONSTANT_CONVERSION = YES;
				CLANG_WARN_DEPRECATED_OBJC_IMPLEMENTATIONS = YES;
				CLANG_WARN_DIRECT_OBJC_ISA_USAGE = YES_ERROR;
				CLANG_WARN_DOCUMENTATION_COMMENTS = YES;
				CLANG_WARN_EMPTY_BODY = YES;
				CLANG_WARN_ENUM_CONVERSION = YES;
				CLANG_WARN_INFINITE_RECURSION = YES;
				CLANG_WARN_INT_CONVERSION = YES;
				CLANG_WARN_NON_LITERAL_NULL_CONVERSION = YES;
				CLANG_WARN_OBJC_IMPLICIT_RETAIN_SELF = YES;
				CLANG_WARN_OBJC_LITERAL_CONVERSION = YES;
				CLANG_WARN_OBJC_ROOT_CLASS = YES_ERROR;
				CLANG_WARN_RANGE_LOOP_ANALYSIS = YES;
				CLANG_WARN_STRICT_PROTOTYPES = YES;
				CLANG_WARN_SUSPICIOUS_MOVE = YES;
				CLANG_WARN_UNGUARDED_AVAILABILITY = YES_AGGRESSIVE;
				CLANG_WARN_UNREACHABLE_CODE = YES;
				CLANG_WARN__DUPLICATE_METHOD_MATCH = YES;
				COPY_PHASE_STRIP = NO;
				DEBUG_INFORMATION_FORMAT = "dwarf-with-dsym";
				ENABLE_NS_ASSERTIONS = NO;
				ENABLE_STRICT_OBJC_MSGSEND = YES;
				GCC_C_LANGUAGE_STANDARD = gnu11;
				GCC_NO_COMMON_BLOCKS = YES;
				GCC_WARN_64_TO_32_BIT_CONVERSION = YES;
				GCC_WARN_ABOUT_RETURN_TYPE = YES_ERROR;
				GCC_WARN_UNDECLARED_SELECTOR = YES;
				GCC_WARN_UNINITIALIZED_AUTOS = YES_AGGRESSIVE;
				GCC_WARN_UNUSED_FUNCTION = YES;
				GCC_WARN_UNUSED_VARIABLE = YES;
				IPHONEOS_DEPLOYMENT_TARGET = 13.7;
				MTL_ENABLE_DEBUG_INFO = NO;
				MTL_FAST_MATH = YES;
				SDKROOT = iphoneos;
				SWIFT_COMPILATION_MODE = wholemodule;
				SWIFT_OPTIMIZATION_LEVEL = "-O";
				VALIDATE_PRODUCT = YES;
			};
			name = Release;
		};
		2CDBD52A25042353001F623F /* Debug */ = {
			isa = XCBuildConfiguration;
			buildSettings = {
				ASSETCATALOG_COMPILER_APPICON_NAME = AppIcon;
				CODE_SIGN_STYLE = Automatic;
				DEVELOPMENT_TEAM = R2P8732Z2M;
				INFOPLIST_FILE = Stamp/Info.plist;
				LD_RUNPATH_SEARCH_PATHS = (
					"$(inherited)",
					"@executable_path/Frameworks",
				);
				PRODUCT_BUNDLE_IDENTIFIER = com.gmail.8181suisho.Stamp;
				PRODUCT_NAME = "$(TARGET_NAME)";
				SWIFT_VERSION = 5.0;
				TARGETED_DEVICE_FAMILY = "1,2";
			};
			name = Debug;
		};
		2CDBD52B25042353001F623F /* Release */ = {
			isa = XCBuildConfiguration;
			buildSettings = {
				ASSETCATALOG_COMPILER_APPICON_NAME = AppIcon;
				CODE_SIGN_STYLE = Automatic;
				DEVELOPMENT_TEAM = R2P8732Z2M;
				INFOPLIST_FILE = Stamp/Info.plist;
				LD_RUNPATH_SEARCH_PATHS = (
					"$(inherited)",
					"@executable_path/Frameworks",
				);
				PRODUCT_BUNDLE_IDENTIFIER = com.gmail.8181suisho.Stamp;
				PRODUCT_NAME = "$(TARGET_NAME)";
				SWIFT_VERSION = 5.0;
				TARGETED_DEVICE_FAMILY = "1,2";
			};
			name = Release;
		};
/* End XCBuildConfiguration section */

/* Begin XCConfigurationList section */
		2CDBD51025042352001F623F /* Build configuration list for PBXProject "Stamp" */ = {
			isa = XCConfigurationList;
			buildConfigurations = (
				2CDBD52725042353001F623F /* Debug */,
				2CDBD52825042353001F623F /* Release */,
			);
			defaultConfigurationIsVisible = 0;
			defaultConfigurationName = Release;
		};
		2CDBD52925042353001F623F /* Build configuration list for PBXNativeTarget "Stamp" */ = {
			isa = XCConfigurationList;
			buildConfigurations = (
				2CDBD52A25042353001F623F /* Debug */,
				2CDBD52B25042353001F623F /* Release */,
			);
			defaultConfigurationIsVisible = 0;
			defaultConfigurationName = Release;
		};
/* End XCConfigurationList section */
	};
	rootObject = 2CDBD50D25042352001F623F /* Project object */;
}
